
Microsoft Visual Studio Solution File, Format Version 12.00
# Visual Studio 14
VisualStudioVersion = 14.0.23107.0
MinimumVisualStudioVersion = 10.0.40219.1
Project("{FAE04EC0-301F-11D3-BF4B-00C04F79EFBC}") = "ProjectEuler", "ProjectEuler.csproj", "{3DDEE130-B2F3-40BD-8142-EC36C7340555}"
EndProject
Project("{FAE04EC0-301F-11D3-BF4B-00C04F79EFBC}") = "Tests", "Tests\Tests.csproj", "{62A11CEE-3A27-4783-B30B-AA5EA23EF445}"
EndProject
Global
	GlobalSection(SolutionConfigurationPlatforms) = preSolution
		Debug|Any CPU = Debug|Any CPU
		Release|Any CPU = Release|Any CPU
	EndGlobalSection
	GlobalSection(ProjectConfigurationPlatforms) = postSolution
		{3DDEE130-B2F3-40BD-8142-EC36C7340555}.Debug|Any CPU.ActiveCfg = Debug|Any CPU
		{3DDEE130-B2F3-40BD-8142-EC36C7340555}.Debug|Any CPU.Build.0 = Debug|Any CPU
		{3DDEE130-B2F3-40BD-8142-EC36C7340555}.Release|Any CPU.ActiveCfg = Release|Any CPU
		{3DDEE130-B2F3-40BD-8142-EC36C7340555}.Release|Any CPU.Build.0 = Release|Any CPU
		{62A11CEE-3A27-4783-B30B-AA5EA23EF445}.Debug|Any CPU.ActiveCfg = Debug|Any CPU
		{62A11CEE-3A27-4783-B30B-AA5EA23EF445}.Debug|Any CPU.Build.0 = Debug|Any CPU
		{62A11CEE-3A27-4783-B30B-AA5EA23EF445}.Release|Any CPU.ActiveCfg = Release|Any CPU
		{62A11CEE-3A27-4783-B30B-AA5EA23EF445}.Release|Any CPU.Build.0 = Release|Any CPU
	EndGlobalSection
	GlobalSection(SolutionProperties) = preSolution
		HideSolutionNode = FALSE
	EndGlobalSection
EndGlobal
